
Microsoft Visual Studio Solution File, Format Version 12.00
# Visual Studio Version 17
VisualStudioVersion = 17.5.002.0
MinimumVisualStudioVersion = 10.0.40219.1
Project("{2150E333-8FDC-42A3-9474-1A3956D46DE8}") = "Files", "Files", "{BDC5EB5C-5B25-470E-AD3F-282303A26BD9}"
EndProject
Project("{9A19103F-16F7-4668-BE54-9A1E7A4F7556}") = "CreateFiles", "Files\CreateFiles\CreateFiles.csproj", "{9467169B-AF6C-40F1-8DCB-C52495D24266}"
EndProject
Project("{9A19103F-16F7-4668-BE54-9A1E7A4F7556}") = "Directories", "Files\Directories\Directories.csproj", "{AD319758-1DB6-4CCD-AA04-428BEB68CA4C}"
EndProject
Project("{9A19103F-16F7-4668-BE54-9A1E7A4F7556}") = "FileInfo", "Files\FileInfo\FileInfo.csproj", "{643993FC-7EDB-4F92-AD4F-0FA9D2DB4512}"
EndProject
Project("{9A19103F-16F7-4668-BE54-9A1E7A4F7556}") = "ReadWriteFiles", "Files\ReadWriteFiles\ReadWriteFiles.csproj", "{44014991-8A5C-4818-B2AE-5DF84D1D000D}"
EndProject
Project("{2150E333-8FDC-42A3-9474-1A3956D46DE8}") = "NumbersDates", "NumbersDates", "{B9E18B61-1C6F-4EA7-AF7D-D3F1FD7FC119}"
EndProject
Project("{9A19103F-16F7-4668-BE54-9A1E7A4F7556}") = "DateTimeClass", "NumbersDates\DateTimeClass\DateTimeClass.csproj", "{B31D65CD-9F9B-4D0D-A2C9-8444C367A6D0}"
EndProject
Project("{9A19103F-16F7-4668-BE54-9A1E7A4F7556}") = "FormatDates", "NumbersDates\FormatDates\FormatDates.csproj", "{2579D58D-DCB6-4F46-9DC5-FDEC5DD7EBDF}"
EndProject
Project("{9A19103F-16F7-4668-BE54-9A1E7A4F7556}") = "FormatNumbers", "NumbersDates\FormatNumbers\FormatNumbers.csproj", "{D34B0368-3305-46D8-819C-B16441003B10}"
EndProject
Project("{9A19103F-16F7-4668-BE54-9A1E7A4F7556}") = "ParseDates", "NumbersDates\ParseDates\ParseDates.csproj", "{88ED5AB4-2503-43D7-A425-A84206D5F817}"
EndProject
Project("{9A19103F-16F7-4668-BE54-9A1E7A4F7556}") = "ParseNumbers", "NumbersDates\ParseNumbers\ParseNumbers.csproj", "{0202AB90-D0C8-4C82-9246-EF1DD9CD064B}"
EndProject
Project("{2150E333-8FDC-42A3-9474-1A3956D46DE8}") = "Overview", "Overview", "{54D6388B-73F3-46D2-8273-5CACC76B61D1}"
EndProject
Project("{9A19103F-16F7-4668-BE54-9A1E7A4F7556}") = "DataTypes", "Overview\DataTypes\DataTypes.csproj", "{EFDD0AF3-2833-40B8-B833-7ECEA68EC474}"
EndProject
Project("{9A19103F-16F7-4668-BE54-9A1E7A4F7556}") = "GarbageCollect", "Overview\GarbageCollect\GarbageCollect.csproj", "{6F6D4C44-EA98-493E-B8BD-BA53A2E93E04}"
EndProject
Project("{9A19103F-16F7-4668-BE54-9A1E7A4F7556}") = "MyConsoleApp", "Overview\MyConsoleApp\MyConsoleApp.csproj", "{7A079871-4057-4FEA-A93B-2D2A9304851E}"
EndProject
Project("{2150E333-8FDC-42A3-9474-1A3956D46DE8}") = "Regex", "Regex", "{728D3BBF-1B06-4F05-B763-B721AED1DF4B}"
EndProject
Project("{9A19103F-16F7-4668-BE54-9A1E7A4F7556}") = "Finding", "Regex\Finding\Finding.csproj", "{5EE9E8B3-DC8C-4DC4-9EA5-96C5EB4E915E}"
EndProject
Project("{9A19103F-16F7-4668-BE54-9A1E7A4F7556}") = "Replacing", "Regex\Replacing\Replacing.csproj", "{73AA3010-1D62-4E60-AC48-0EBC642956F9}"
EndProject
Project("{9A19103F-16F7-4668-BE54-9A1E7A4F7556}") = "RegexTimeouts", "Regex\Timeouts\RegexTimeouts.csproj", "{BBE5DE03-374C-4AC0-959F-840131F8E639}"
EndProject
Project("{2150E333-8FDC-42A3-9474-1A3956D46DE8}") = "Strings", "Strings", "{9D5A0A76-5B3E-40FA-839F-59C9BCBF3208}"
EndProject
Project("{9A19103F-16F7-4668-BE54-9A1E7A4F7556}") = "Formatting", "Strings\Formatting\Formatting.csproj", "{505CA754-9CB6-4FCC-877C-3F81292F5CFA}"
EndProject
Project("{9A19103F-16F7-4668-BE54-9A1E7A4F7556}") = "Interpolation", "Strings\Interpolation\Interpolation.csproj", "{E6FD670C-CC73-4DB0-8118-FC9956386ACF}"
EndProject
Project("{9A19103F-16F7-4668-BE54-9A1E7A4F7556}") = "Manipulation", "Strings\Manipulation\Manipulation.csproj", "{403BCB6D-3F84-4B14-80FA-0FC8F6759A66}"
EndProject
Project("{9A19103F-16F7-4668-BE54-9A1E7A4F7556}") = "Searching", "Strings\Searching\Searching.csproj", "{65A09D38-C933-4F47-B66F-6B9BEAE6FBAA}"
EndProject
Global
	GlobalSection(SolutionConfigurationPlatforms) = preSolution
		Debug|Any CPU = Debug|Any CPU
		Release|Any CPU = Release|Any CPU
	EndGlobalSection
	GlobalSection(ProjectConfigurationPlatforms) = postSolution
		{9467169B-AF6C-40F1-8DCB-C52495D24266}.Debug|Any CPU.ActiveCfg = Debug|Any CPU
		{9467169B-AF6C-40F1-8DCB-C52495D24266}.Debug|Any CPU.Build.0 = Debug|Any CPU
		{9467169B-AF6C-40F1-8DCB-C52495D24266}.Release|Any CPU.ActiveCfg = Release|Any CPU
		{9467169B-AF6C-40F1-8DCB-C52495D24266}.Release|Any CPU.Build.0 = Release|Any CPU
		{AD319758-1DB6-4CCD-AA04-428BEB68CA4C}.Debug|Any CPU.ActiveCfg = Debug|Any CPU
		{AD319758-1DB6-4CCD-AA04-428BEB68CA4C}.Debug|Any CPU.Build.0 = Debug|Any CPU
		{AD319758-1DB6-4CCD-AA04-428BEB68CA4C}.Release|Any CPU.ActiveCfg = Release|Any CPU
		{AD319758-1DB6-4CCD-AA04-428BEB68CA4C}.Release|Any CPU.Build.0 = Release|Any CPU
		{643993FC-7EDB-4F92-AD4F-0FA9D2DB4512}.Debug|Any CPU.ActiveCfg = Debug|Any CPU
		{643993FC-7EDB-4F92-AD4F-0FA9D2DB4512}.Debug|Any CPU.Build.0 = Debug|Any CPU
		{643993FC-7EDB-4F92-AD4F-0FA9D2DB4512}.Release|Any CPU.ActiveCfg = Release|Any CPU
		{643993FC-7EDB-4F92-AD4F-0FA9D2DB4512}.Release|Any CPU.Build.0 = Release|Any CPU
		{44014991-8A5C-4818-B2AE-5DF84D1D000D}.Debug|Any CPU.ActiveCfg = Debug|Any CPU
		{44014991-8A5C-4818-B2AE-5DF84D1D000D}.Debug|Any CPU.Build.0 = Debug|Any CPU
		{44014991-8A5C-4818-B2AE-5DF84D1D000D}.Release|Any CPU.ActiveCfg = Release|Any CPU
		{44014991-8A5C-4818-B2AE-5DF84D1D000D}.Release|Any CPU.Build.0 = Release|Any CPU
		{B31D65CD-9F9B-4D0D-A2C9-8444C367A6D0}.Debug|Any CPU.ActiveCfg = Debug|Any CPU
		{B31D65CD-9F9B-4D0D-A2C9-8444C367A6D0}.Debug|Any CPU.Build.0 = Debug|Any CPU
		{B31D65CD-9F9B-4D0D-A2C9-8444C367A6D0}.Release|Any CPU.ActiveCfg = Release|Any CPU
		{B31D65CD-9F9B-4D0D-A2C9-8444C367A6D0}.Release|Any CPU.Build.0 = Release|Any CPU
		{2579D58D-DCB6-4F46-9DC5-FDEC5DD7EBDF}.Debug|Any CPU.ActiveCfg = Debug|Any CPU
		{2579D58D-DCB6-4F46-9DC5-FDEC5DD7EBDF}.Debug|Any CPU.Build.0 = Debug|Any CPU
		{2579D58D-DCB6-4F46-9DC5-FDEC5DD7EBDF}.Release|Any CPU.ActiveCfg = Release|Any CPU
		{2579D58D-DCB6-4F46-9DC5-FDEC5DD7EBDF}.Release|Any CPU.Build.0 = Release|Any CPU
		{D34B0368-3305-46D8-819C-B16441003B10}.Debug|Any CPU.ActiveCfg = Debug|Any CPU
		{D34B0368-3305-46D8-819C-B16441003B10}.Debug|Any CPU.Build.0 = Debug|Any CPU
		{D34B0368-3305-46D8-819C-B16441003B10}.Release|Any CPU.ActiveCfg = Release|Any CPU
		{D34B0368-3305-46D8-819C-B16441003B10}.Release|Any CPU.Build.0 = Release|Any CPU
		{88ED5AB4-2503-43D7-A425-A84206D5F817}.Debug|Any CPU.ActiveCfg = Debug|Any CPU
		{88ED5AB4-2503-43D7-A425-A84206D5F817}.Debug|Any CPU.Build.0 = Debug|Any CPU
		{88ED5AB4-2503-43D7-A425-A84206D5F817}.Release|Any CPU.ActiveCfg = Release|Any CPU
		{88ED5AB4-2503-43D7-A425-A84206D5F817}.Release|Any CPU.Build.0 = Release|Any CPU
		{0202AB90-D0C8-4C82-9246-EF1DD9CD064B}.Debug|Any CPU.ActiveCfg = Debug|Any CPU
		{0202AB90-D0C8-4C82-9246-EF1DD9CD064B}.Debug|Any CPU.Build.0 = Debug|Any CPU
		{0202AB90-D0C8-4C82-9246-EF1DD9CD064B}.Release|Any CPU.ActiveCfg = Release|Any CPU
		{0202AB90-D0C8-4C82-9246-EF1DD9CD064B}.Release|Any CPU.Build.0 = Release|Any CPU
		{EFDD0AF3-2833-40B8-B833-7ECEA68EC474}.Debug|Any CPU.ActiveCfg = Debug|Any CPU
		{EFDD0AF3-2833-40B8-B833-7ECEA68EC474}.Debug|Any CPU.Build.0 = Debug|Any CPU
		{EFDD0AF3-2833-40B8-B833-7ECEA68EC474}.Release|Any CPU.ActiveCfg = Release|Any CPU
		{EFDD0AF3-2833-40B8-B833-7ECEA68EC474}.Release|Any CPU.Build.0 = Release|Any CPU
		{6F6D4C44-EA98-493E-B8BD-BA53A2E93E04}.Debug|Any CPU.ActiveCfg = Debug|Any CPU
		{6F6D4C44-EA98-493E-B8BD-BA53A2E93E04}.Debug|Any CPU.Build.0 = Debug|Any CPU
		{6F6D4C44-EA98-493E-B8BD-BA53A2E93E04}.Release|Any CPU.ActiveCfg = Release|Any CPU
		{6F6D4C44-EA98-493E-B8BD-BA53A2E93E04}.Release|Any CPU.Build.0 = Release|Any CPU
		{7A079871-4057-4FEA-A93B-2D2A9304851E}.Debug|Any CPU.ActiveCfg = Debug|Any CPU
		{7A079871-4057-4FEA-A93B-2D2A9304851E}.Debug|Any CPU.Build.0 = Debug|Any CPU
		{7A079871-4057-4FEA-A93B-2D2A9304851E}.Release|Any CPU.ActiveCfg = Release|Any CPU
		{7A079871-4057-4FEA-A93B-2D2A9304851E}.Release|Any CPU.Build.0 = Release|Any CPU
		{5EE9E8B3-DC8C-4DC4-9EA5-96C5EB4E915E}.Debug|Any CPU.ActiveCfg = Debug|Any CPU
		{5EE9E8B3-DC8C-4DC4-9EA5-96C5EB4E915E}.Debug|Any CPU.Build.0 = Debug|Any CPU
		{5EE9E8B3-DC8C-4DC4-9EA5-96C5EB4E915E}.Release|Any CPU.ActiveCfg = Release|Any CPU
		{5EE9E8B3-DC8C-4DC4-9EA5-96C5EB4E915E}.Release|Any CPU.Build.0 = Release|Any CPU
		{73AA3010-1D62-4E60-AC48-0EBC642956F9}.Debug|Any CPU.ActiveCfg = Debug|Any CPU
		{73AA3010-1D62-4E60-AC48-0EBC642956F9}.Debug|Any CPU.Build.0 = Debug|Any CPU
		{73AA3010-1D62-4E60-AC48-0EBC642956F9}.Release|Any CPU.ActiveCfg = Release|Any CPU
		{73AA3010-1D62-4E60-AC48-0EBC642956F9}.Release|Any CPU.Build.0 = Release|Any CPU
		{BBE5DE03-374C-4AC0-959F-840131F8E639}.Debug|Any CPU.ActiveCfg = Debug|Any CPU
		{BBE5DE03-374C-4AC0-959F-840131F8E639}.Debug|Any CPU.Build.0 = Debug|Any CPU
		{BBE5DE03-374C-4AC0-959F-840131F8E639}.Release|Any CPU.ActiveCfg = Release|Any CPU
		{BBE5DE03-374C-4AC0-959F-840131F8E639}.Release|Any CPU.Build.0 = Release|Any CPU
		{505CA754-9CB6-4FCC-877C-3F81292F5CFA}.Debug|Any CPU.ActiveCfg = Debug|Any CPU
		{505CA754-9CB6-4FCC-877C-3F81292F5CFA}.Debug|Any CPU.Build.0 = Debug|Any CPU
		{505CA754-9CB6-4FCC-877C-3F81292F5CFA}.Release|Any CPU.ActiveCfg = Release|Any CPU
		{505CA754-9CB6-4FCC-877C-3F81292F5CFA}.Release|Any CPU.Build.0 = Release|Any CPU
		{E6FD670C-CC73-4DB0-8118-FC9956386ACF}.Debug|Any CPU.ActiveCfg = Debug|Any CPU
		{E6FD670C-CC73-4DB0-8118-FC9956386ACF}.Debug|Any CPU.Build.0 = Debug|Any CPU
		{E6FD670C-CC73-4DB0-8118-FC9956386ACF}.Release|Any CPU.ActiveCfg = Release|Any CPU
		{E6FD670C-CC73-4DB0-8118-FC9956386ACF}.Release|Any CPU.Build.0 = Release|Any CPU
		{403BCB6D-3F84-4B14-80FA-0FC8F6759A66}.Debug|Any CPU.ActiveCfg = Debug|Any CPU
		{403BCB6D-3F84-4B14-80FA-0FC8F6759A66}.Debug|Any CPU.Build.0 = Debug|Any CPU
		{403BCB6D-3F84-4B14-80FA-0FC8F6759A66}.Release|Any CPU.ActiveCfg = Release|Any CPU
		{403BCB6D-3F84-4B14-80FA-0FC8F6759A66}.Release|Any CPU.Build.0 = Release|Any CPU
		{65A09D38-C933-4F47-B66F-6B9BEAE6FBAA}.Debug|Any CPU.ActiveCfg = Debug|Any CPU
		{65A09D38-C933-4F47-B66F-6B9BEAE6FBAA}.Debug|Any CPU.Build.0 = Debug|Any CPU
		{65A09D38-C933-4F47-B66F-6B9BEAE6FBAA}.Release|Any CPU.ActiveCfg = Release|Any CPU
		{65A09D38-C933-4F47-B66F-6B9BEAE6FBAA}.Release|Any CPU.Build.0 = Release|Any CPU
	EndGlobalSection
	GlobalSection(SolutionProperties) = preSolution
		HideSolutionNode = FALSE
	EndGlobalSection
	GlobalSection(NestedProjects) = preSolution
		{9467169B-AF6C-40F1-8DCB-C52495D24266} = {BDC5EB5C-5B25-470E-AD3F-282303A26BD9}
		{AD319758-1DB6-4CCD-AA04-428BEB68CA4C} = {BDC5EB5C-5B25-470E-AD3F-282303A26BD9}
		{643993FC-7EDB-4F92-AD4F-0FA9D2DB4512} = {BDC5EB5C-5B25-470E-AD3F-282303A26BD9}
		{44014991-8A5C-4818-B2AE-5DF84D1D000D} = {BDC5EB5C-5B25-470E-AD3F-282303A26BD9}
		{B31D65CD-9F9B-4D0D-A2C9-8444C367A6D0} = {B9E18B61-1C6F-4EA7-AF7D-D3F1FD7FC119}
		{2579D58D-DCB6-4F46-9DC5-FDEC5DD7EBDF} = {B9E18B61-1C6F-4EA7-AF7D-D3F1FD7FC119}
		{D34B0368-3305-46D8-819C-B16441003B10} = {B9E18B61-1C6F-4EA7-AF7D-D3F1FD7FC119}
		{88ED5AB4-2503-43D7-A425-A84206D5F817} = {B9E18B61-1C6F-4EA7-AF7D-D3F1FD7FC119}
		{0202AB90-D0C8-4C82-9246-EF1DD9CD064B} = {B9E18B61-1C6F-4EA7-AF7D-D3F1FD7FC119}
		{EFDD0AF3-2833-40B8-B833-7ECEA68EC474} = {54D6388B-73F3-46D2-8273-5CACC76B61D1}
		{6F6D4C44-EA98-493E-B8BD-BA53A2E93E04} = {54D6388B-73F3-46D2-8273-5CACC76B61D1}
		{7A079871-4057-4FEA-A93B-2D2A9304851E} = {54D6388B-73F3-46D2-8273-5CACC76B61D1}
		{5EE9E8B3-DC8C-4DC4-9EA5-96C5EB4E915E} = {728D3BBF-1B06-4F05-B763-B721AED1DF4B}
		{73AA3010-1D62-4E60-AC48-0EBC642956F9} = {728D3BBF-1B06-4F05-B763-B721AED1DF4B}
		{BBE5DE03-374C-4AC0-959F-840131F8E639} = {728D3BBF-1B06-4F05-B763-B721AED1DF4B}
		{505CA754-9CB6-4FCC-877C-3F81292F5CFA} = {9D5A0A76-5B3E-40FA-839F-59C9BCBF3208}
		{E6FD670C-CC73-4DB0-8118-FC9956386ACF} = {9D5A0A76-5B3E-40FA-839F-59C9BCBF3208}
		{403BCB6D-3F84-4B14-80FA-0FC8F6759A66} = {9D5A0A76-5B3E-40FA-839F-59C9BCBF3208}
		{65A09D38-C933-4F47-B66F-6B9BEAE6FBAA} = {9D5A0A76-5B3E-40FA-839F-59C9BCBF3208}
	EndGlobalSection
	GlobalSection(ExtensibilityGlobals) = postSolution
		SolutionGuid = {669083B2-A252-4E8C-BC67-1EE9B11ECE99}
	EndGlobalSection
EndGlobal
